// !$*UTF8*$!
{
	archiveVersion = 1;
	classes = {
	};
	objectVersion = 50;
	objects = {

/* Begin PBXBuildFile section */
		5F07FBC52563610900D3BE26 /* RootViewController.swift in Sources */ = {isa = PBXBuildFile; fileRef = 5F07FBC42563610900D3BE26 /* RootViewController.swift */; };
		5F361FE3256220B9000ADA43 /* AppDelegate.swift in Sources */ = {isa = PBXBuildFile; fileRef = 5F361FE2256220B9000ADA43 /* AppDelegate.swift */; };
		5F361FE5256220B9000ADA43 /* SceneDelegate.swift in Sources */ = {isa = PBXBuildFile; fileRef = 5F361FE4256220B9000ADA43 /* SceneDelegate.swift */; };
		5F361FE7256220B9000ADA43 /* WeatherViewController.swift in Sources */ = {isa = PBXBuildFile; fileRef = 5F361FE6256220B9000ADA43 /* WeatherViewController.swift */; };
		5F361FEA256220B9000ADA43 /* Main.storyboard in Resources */ = {isa = PBXBuildFile; fileRef = 5F361FE8256220B9000ADA43 /* Main.storyboard */; };
		5F361FEC256220BB000ADA43 /* Assets.xcassets in Resources */ = {isa = PBXBuildFile; fileRef = 5F361FEB256220BB000ADA43 /* Assets.xcassets */; };
		5F361FEF256220BB000ADA43 /* LaunchScreen.storyboard in Resources */ = {isa = PBXBuildFile; fileRef = 5F361FED256220BB000ADA43 /* LaunchScreen.storyboard */; };
		5F361FFA256220BB000ADA43 /* Cloud_WeatherTests.swift in Sources */ = {isa = PBXBuildFile; fileRef = 5F361FF9256220BB000ADA43 /* Cloud_WeatherTests.swift */; };
		5F362005256220BB000ADA43 /* Cloud_WeatherUITests.swift in Sources */ = {isa = PBXBuildFile; fileRef = 5F362004256220BB000ADA43 /* Cloud_WeatherUITests.swift */; };
		5FE050A925699E7300183B2B /* WeatherDataService.swift in Sources */ = {isa = PBXBuildFile; fileRef = 5FE050A825699E7300183B2B /* WeatherDataService.swift */; };
		5FE050B52569A37D00183B2B /* WeatherData.swift in Sources */ = {isa = PBXBuildFile; fileRef = 5FE050B42569A37D00183B2B /* WeatherData.swift */; };
/* End PBXBuildFile section */

/* Begin PBXContainerItemProxy section */
		5F361FF6256220BB000ADA43 /* PBXContainerItemProxy */ = {
			isa = PBXContainerItemProxy;
			containerPortal = 5F361FD7256220B9000ADA43 /* Project object */;
			proxyType = 1;
			remoteGlobalIDString = 5F361FDE256220B9000ADA43;
			remoteInfo = "Cloud~Weather";
		};
		5F362001256220BB000ADA43 /* PBXContainerItemProxy */ = {
			isa = PBXContainerItemProxy;
			containerPortal = 5F361FD7256220B9000ADA43 /* Project object */;
			proxyType = 1;
			remoteGlobalIDString = 5F361FDE256220B9000ADA43;
			remoteInfo = "Cloud~Weather";
		};
/* End PBXContainerItemProxy section */

/* Begin PBXFileReference section */
		5F07FBC42563610900D3BE26 /* RootViewController.swift */ = {isa = PBXFileReference; lastKnownFileType = sourcecode.swift; path = RootViewController.swift; sourceTree = "<group>"; };
		5F361FDF256220B9000ADA43 /* Cloud~Weather.app */ = {isa = PBXFileReference; explicitFileType = wrapper.application; includeInIndex = 0; path = "Cloud~Weather.app"; sourceTree = BUILT_PRODUCTS_DIR; };
		5F361FE2256220B9000ADA43 /* AppDelegate.swift */ = {isa = PBXFileReference; lastKnownFileType = sourcecode.swift; path = AppDelegate.swift; sourceTree = "<group>"; };
		5F361FE4256220B9000ADA43 /* SceneDelegate.swift */ = {isa = PBXFileReference; lastKnownFileType = sourcecode.swift; path = SceneDelegate.swift; sourceTree = "<group>"; };
		5F361FE6256220B9000ADA43 /* WeatherViewController.swift */ = {isa = PBXFileReference; lastKnownFileType = sourcecode.swift; path = WeatherViewController.swift; sourceTree = "<group>"; };
		5F361FE9256220B9000ADA43 /* Base */ = {isa = PBXFileReference; lastKnownFileType = file.storyboard; name = Base; path = Base.lproj/Main.storyboard; sourceTree = "<group>"; };
		5F361FEB256220BB000ADA43 /* Assets.xcassets */ = {isa = PBXFileReference; lastKnownFileType = folder.assetcatalog; path = Assets.xcassets; sourceTree = "<group>"; };
		5F361FEE256220BB000ADA43 /* Base */ = {isa = PBXFileReference; lastKnownFileType = file.storyboard; name = Base; path = Base.lproj/LaunchScreen.storyboard; sourceTree = "<group>"; };
		5F361FF0256220BB000ADA43 /* Info.plist */ = {isa = PBXFileReference; lastKnownFileType = text.plist.xml; path = Info.plist; sourceTree = "<group>"; };
		5F361FF5256220BB000ADA43 /* Cloud~WeatherTests.xctest */ = {isa = PBXFileReference; explicitFileType = wrapper.cfbundle; includeInIndex = 0; path = "Cloud~WeatherTests.xctest"; sourceTree = BUILT_PRODUCTS_DIR; };
		5F361FF9256220BB000ADA43 /* Cloud_WeatherTests.swift */ = {isa = PBXFileReference; lastKnownFileType = sourcecode.swift; path = Cloud_WeatherTests.swift; sourceTree = "<group>"; };
		5F361FFB256220BB000ADA43 /* Info.plist */ = {isa = PBXFileReference; lastKnownFileType = text.plist.xml; path = Info.plist; sourceTree = "<group>"; };
		5F362000256220BB000ADA43 /* Cloud~WeatherUITests.xctest */ = {isa = PBXFileReference; explicitFileType = wrapper.cfbundle; includeInIndex = 0; path = "Cloud~WeatherUITests.xctest"; sourceTree = BUILT_PRODUCTS_DIR; };
		5F362004256220BB000ADA43 /* Cloud_WeatherUITests.swift */ = {isa = PBXFileReference; lastKnownFileType = sourcecode.swift; path = Cloud_WeatherUITests.swift; sourceTree = "<group>"; };
		5F362006256220BB000ADA43 /* Info.plist */ = {isa = PBXFileReference; lastKnownFileType = text.plist.xml; path = Info.plist; sourceTree = "<group>"; };
		5FE050A825699E7300183B2B /* WeatherDataService.swift */ = {isa = PBXFileReference; lastKnownFileType = sourcecode.swift; path = WeatherDataService.swift; sourceTree = "<group>"; };
		5FE050B42569A37D00183B2B /* WeatherData.swift */ = {isa = PBXFileReference; lastKnownFileType = sourcecode.swift; path = WeatherData.swift; sourceTree = "<group>"; };
/* End PBXFileReference section */

/* Begin PBXFrameworksBuildPhase section */
		5F361FDC256220B9000ADA43 /* Frameworks */ = {
			isa = PBXFrameworksBuildPhase;
			buildActionMask = 2147483647;
			files = (
			);
			runOnlyForDeploymentPostprocessing = 0;
		};
		5F361FF2256220BB000ADA43 /* Frameworks */ = {
			isa = PBXFrameworksBuildPhase;
			buildActionMask = 2147483647;
			files = (
			);
			runOnlyForDeploymentPostprocessing = 0;
		};
		5F361FFD256220BB000ADA43 /* Frameworks */ = {
			isa = PBXFrameworksBuildPhase;
			buildActionMask = 2147483647;
			files = (
			);
			runOnlyForDeploymentPostprocessing = 0;
		};
/* End PBXFrameworksBuildPhase section */

/* Begin PBXGroup section */
		5F13425625685F0A004D9E86 /* Supporting Files */ = {
			isa = PBXGroup;
			children = (
				5F361FED256220BB000ADA43 /* LaunchScreen.storyboard */,
				5F361FE2256220B9000ADA43 /* AppDelegate.swift */,
				5F361FE4256220B9000ADA43 /* SceneDelegate.swift */,
			);
			path = "Supporting Files";
			sourceTree = "<group>";
		};
		5F13425D25685F3D004D9E86 /* Controller */ = {
			isa = PBXGroup;
			children = (
				5F07FBC42563610900D3BE26 /* RootViewController.swift */,
				5F361FE6256220B9000ADA43 /* WeatherViewController.swift */,
			);
			path = Controller;
			sourceTree = "<group>";
		};
		5F13425E25685F4C004D9E86 /* View */ = {
			isa = PBXGroup;
			children = (
				5F361FE8256220B9000ADA43 /* Main.storyboard */,
			);
			path = View;
			sourceTree = "<group>";
		};
		5F361FD6256220B9000ADA43 = {
			isa = PBXGroup;
			children = (
				5F361FE1256220B9000ADA43 /* Cloud~Weather */,
				5F361FF8256220BB000ADA43 /* Cloud~WeatherTests */,
				5F362003256220BB000ADA43 /* Cloud~WeatherUITests */,
				5F361FE0256220B9000ADA43 /* Products */,
			);
			sourceTree = "<group>";
		};
		5F361FE0256220B9000ADA43 /* Products */ = {
			isa = PBXGroup;
			children = (
				5F361FDF256220B9000ADA43 /* Cloud~Weather.app */,
				5F361FF5256220BB000ADA43 /* Cloud~WeatherTests.xctest */,
				5F362000256220BB000ADA43 /* Cloud~WeatherUITests.xctest */,
			);
			name = Products;
			sourceTree = "<group>";
		};
		5F361FE1256220B9000ADA43 /* Cloud~Weather */ = {
			isa = PBXGroup;
			children = (
				5FE050AD25699E7900183B2B /* Model */,
				5F13425E25685F4C004D9E86 /* View */,
				5F13425D25685F3D004D9E86 /* Controller */,
				5F13425625685F0A004D9E86 /* Supporting Files */,
				5F361FEB256220BB000ADA43 /* Assets.xcassets */,
				5F361FF0256220BB000ADA43 /* Info.plist */,
			);
			path = "Cloud~Weather";
			sourceTree = "<group>";
		};
		5F361FF8256220BB000ADA43 /* Cloud~WeatherTests */ = {
			isa = PBXGroup;
			children = (
				5F361FF9256220BB000ADA43 /* Cloud_WeatherTests.swift */,
				5F361FFB256220BB000ADA43 /* Info.plist */,
			);
			path = "Cloud~WeatherTests";
			sourceTree = "<group>";
		};
		5F362003256220BB000ADA43 /* Cloud~WeatherUITests */ = {
			isa = PBXGroup;
			children = (
				5F362004256220BB000ADA43 /* Cloud_WeatherUITests.swift */,
				5F362006256220BB000ADA43 /* Info.plist */,
			);
			path = "Cloud~WeatherUITests";
			sourceTree = "<group>";
		};
		5FE050AD25699E7900183B2B /* Model */ = {
			isa = PBXGroup;
			children = (
				5FE050A825699E7300183B2B /* WeatherDataService.swift */,
				5FE050B42569A37D00183B2B /* WeatherData.swift */,
			);
			path = Model;
			sourceTree = "<group>";
		};
/* End PBXGroup section */

/* Begin PBXNativeTarget section */
		5F361FDE256220B9000ADA43 /* Cloud~Weather */ = {
			isa = PBXNativeTarget;
			buildConfigurationList = 5F362009256220BB000ADA43 /* Build configuration list for PBXNativeTarget "Cloud~Weather" */;
			buildPhases = (
				5F361FDB256220B9000ADA43 /* Sources */,
				5F361FDC256220B9000ADA43 /* Frameworks */,
				5F361FDD256220B9000ADA43 /* Resources */,
			);
			buildRules = (
			);
			dependencies = (
			);
			name = "Cloud~Weather";
			productName = "Cloud~Weather";
			productReference = 5F361FDF256220B9000ADA43 /* Cloud~Weather.app */;
			productType = "com.apple.product-type.application";
		};
		5F361FF4256220BB000ADA43 /* Cloud~WeatherTests */ = {
			isa = PBXNativeTarget;
			buildConfigurationList = 5F36200C256220BB000ADA43 /* Build configuration list for PBXNativeTarget "Cloud~WeatherTests" */;
			buildPhases = (
				5F361FF1256220BB000ADA43 /* Sources */,
				5F361FF2256220BB000ADA43 /* Frameworks */,
				5F361FF3256220BB000ADA43 /* Resources */,
			);
			buildRules = (
			);
			dependencies = (
				5F361FF7256220BB000ADA43 /* PBXTargetDependency */,
			);
			name = "Cloud~WeatherTests";
			productName = "Cloud~WeatherTests";
			productReference = 5F361FF5256220BB000ADA43 /* Cloud~WeatherTests.xctest */;
			productType = "com.apple.product-type.bundle.unit-test";
		};
		5F361FFF256220BB000ADA43 /* Cloud~WeatherUITests */ = {
			isa = PBXNativeTarget;
			buildConfigurationList = 5F36200F256220BB000ADA43 /* Build configuration list for PBXNativeTarget "Cloud~WeatherUITests" */;
			buildPhases = (
				5F361FFC256220BB000ADA43 /* Sources */,
				5F361FFD256220BB000ADA43 /* Frameworks */,
				5F361FFE256220BB000ADA43 /* Resources */,
			);
			buildRules = (
			);
			dependencies = (
				5F362002256220BB000ADA43 /* PBXTargetDependency */,
			);
			name = "Cloud~WeatherUITests";
			productName = "Cloud~WeatherUITests";
			productReference = 5F362000256220BB000ADA43 /* Cloud~WeatherUITests.xctest */;
			productType = "com.apple.product-type.bundle.ui-testing";
		};
/* End PBXNativeTarget section */

/* Begin PBXProject section */
		5F361FD7256220B9000ADA43 /* Project object */ = {
			isa = PBXProject;
			attributes = {
				LastSwiftUpdateCheck = 1220;
				LastUpgradeCheck = 1220;
				TargetAttributes = {
					5F361FDE256220B9000ADA43 = {
						CreatedOnToolsVersion = 12.2;
					};
					5F361FF4256220BB000ADA43 = {
						CreatedOnToolsVersion = 12.2;
						TestTargetID = 5F361FDE256220B9000ADA43;
					};
					5F361FFF256220BB000ADA43 = {
						CreatedOnToolsVersion = 12.2;
						TestTargetID = 5F361FDE256220B9000ADA43;
					};
				};
			};
			buildConfigurationList = 5F361FDA256220B9000ADA43 /* Build configuration list for PBXProject "Cloud~Weather" */;
			compatibilityVersion = "Xcode 9.3";
			developmentRegion = en;
			hasScannedForEncodings = 0;
			knownRegions = (
				en,
				Base,
			);
			mainGroup = 5F361FD6256220B9000ADA43;
			productRefGroup = 5F361FE0256220B9000ADA43 /* Products */;
			projectDirPath = "";
			projectRoot = "";
			targets = (
				5F361FDE256220B9000ADA43 /* Cloud~Weather */,
				5F361FF4256220BB000ADA43 /* Cloud~WeatherTests */,
				5F361FFF256220BB000ADA43 /* Cloud~WeatherUITests */,
			);
		};
/* End PBXProject section */

/* Begin PBXResourcesBuildPhase section */
		5F361FDD256220B9000ADA43 /* Resources */ = {
			isa = PBXResourcesBuildPhase;
			buildActionMask = 2147483647;
			files = (
				5F361FEF256220BB000ADA43 /* LaunchScreen.storyboard in Resources */,
				5F361FEC256220BB000ADA43 /* Assets.xcassets in Resources */,
				5F361FEA256220B9000ADA43 /* Main.storyboard in Resources */,
			);
			runOnlyForDeploymentPostprocessing = 0;
		};
		5F361FF3256220BB000ADA43 /* Resources */ = {
			isa = PBXResourcesBuildPhase;
			buildActionMask = 2147483647;
			files = (
			);
			runOnlyForDeploymentPostprocessing = 0;
		};
		5F361FFE256220BB000ADA43 /* Resources */ = {
			isa = PBXResourcesBuildPhase;
			buildActionMask = 2147483647;
			files = (
			);
			runOnlyForDeploymentPostprocessing = 0;
		};
/* End PBXResourcesBuildPhase section */

/* Begin PBXSourcesBuildPhase section */
		5F361FDB256220B9000ADA43 /* Sources */ = {
			isa = PBXSourcesBuildPhase;
			buildActionMask = 2147483647;
			files = (
				5FE050A925699E7300183B2B /* WeatherDataService.swift in Sources */,
				5F361FE7256220B9000ADA43 /* WeatherViewController.swift in Sources */,
				5F361FE3256220B9000ADA43 /* AppDelegate.swift in Sources */,
				5F07FBC52563610900D3BE26 /* RootViewController.swift in Sources */,
				5FE050B52569A37D00183B2B /* WeatherData.swift in Sources */,
				5F361FE5256220B9000ADA43 /* SceneDelegate.swift in Sources */,
			);
			runOnlyForDeploymentPostprocessing = 0;
		};
		5F361FF1256220BB000ADA43 /* Sources */ = {
			isa = PBXSourcesBuildPhase;
			buildActionMask = 2147483647;
			files = (
				5F361FFA256220BB000ADA43 /* Cloud_WeatherTests.swift in Sources */,
			);
			runOnlyForDeploymentPostprocessing = 0;
		};
		5F361FFC256220BB000ADA43 /* Sources */ = {
			isa = PBXSourcesBuildPhase;
			buildActionMask = 2147483647;
			files = (
				5F362005256220BB000ADA43 /* Cloud_WeatherUITests.swift in Sources */,
			);
			runOnlyForDeploymentPostprocessing = 0;
		};
/* End PBXSourcesBuildPhase section */

/* Begin PBXTargetDependency section */
		5F361FF7256220BB000ADA43 /* PBXTargetDependency */ = {
			isa = PBXTargetDependency;
			target = 5F361FDE256220B9000ADA43 /* Cloud~Weather */;
			targetProxy = 5F361FF6256220BB000ADA43 /* PBXContainerItemProxy */;
		};
		5F362002256220BB000ADA43 /* PBXTargetDependency */ = {
			isa = PBXTargetDependency;
			target = 5F361FDE256220B9000ADA43 /* Cloud~Weather */;
			targetProxy = 5F362001256220BB000ADA43 /* PBXContainerItemProxy */;
		};
/* End PBXTargetDependency section */

/* Begin PBXVariantGroup section */
		5F361FE8256220B9000ADA43 /* Main.storyboard */ = {
			isa = PBXVariantGroup;
			children = (
				5F361FE9256220B9000ADA43 /* Base */,
			);
			name = Main.storyboard;
			sourceTree = "<group>";
		};
		5F361FED256220BB000ADA43 /* LaunchScreen.storyboard */ = {
			isa = PBXVariantGroup;
			children = (
				5F361FEE256220BB000ADA43 /* Base */,
			);
			name = LaunchScreen.storyboard;
			sourceTree = "<group>";
		};
/* End PBXVariantGroup section */

/* Begin XCBuildConfiguration section */
		5F362007256220BB000ADA43 /* Debug */ = {
			isa = XCBuildConfiguration;
			buildSettings = {
				ALWAYS_SEARCH_USER_PATHS = NO;
				CLANG_ANALYZER_NONNULL = YES;
				CLANG_ANALYZER_NUMBER_OBJECT_CONVERSION = YES_AGGRESSIVE;
				CLANG_CXX_LANGUAGE_STANDARD = "gnu++14";
				CLANG_CXX_LIBRARY = "libc++";
				CLANG_ENABLE_MODULES = YES;
				CLANG_ENABLE_OBJC_ARC = YES;
				CLANG_ENABLE_OBJC_WEAK = YES;
				CLANG_WARN_BLOCK_CAPTURE_AUTORELEASING = YES;
				CLANG_WARN_BOOL_CONVERSION = YES;
				CLANG_WARN_COMMA = YES;
				CLANG_WARN_CONSTANT_CONVERSION = YES;
				CLANG_WARN_DEPRECATED_OBJC_IMPLEMENTATIONS = YES;
				CLANG_WARN_DIRECT_OBJC_ISA_USAGE = YES_ERROR;
				CLANG_WARN_DOCUMENTATION_COMMENTS = YES;
				CLANG_WARN_EMPTY_BODY = YES;
				CLANG_WARN_ENUM_CONVERSION = YES;
				CLANG_WARN_INFINITE_RECURSION = YES;
				CLANG_WARN_INT_CONVERSION = YES;
				CLANG_WARN_NON_LITERAL_NULL_CONVERSION = YES;
				CLANG_WARN_OBJC_IMPLICIT_RETAIN_SELF = YES;
				CLANG_WARN_OBJC_LITERAL_CONVERSION = YES;
				CLANG_WARN_OBJC_ROOT_CLASS = YES_ERROR;
				CLANG_WARN_QUOTED_INCLUDE_IN_FRAMEWORK_HEADER = YES;
				CLANG_WARN_RANGE_LOOP_ANALYSIS = YES;
				CLANG_WARN_STRICT_PROTOTYPES = YES;
				CLANG_WARN_SUSPICIOUS_MOVE = YES;
				CLANG_WARN_UNGUARDED_AVAILABILITY = YES_AGGRESSIVE;
				CLANG_WARN_UNREACHABLE_CODE = YES;
				CLANG_WARN__DUPLICATE_METHOD_MATCH = YES;
				COPY_PHASE_STRIP = NO;
				DEBUG_INFORMATION_FORMAT = dwarf;
				ENABLE_STRICT_OBJC_MSGSEND = YES;
				ENABLE_TESTABILITY = YES;
				GCC_C_LANGUAGE_STANDARD = gnu11;
				GCC_DYNAMIC_NO_PIC = NO;
				GCC_NO_COMMON_BLOCKS = YES;
				GCC_OPTIMIZATION_LEVEL = 0;
				GCC_PREPROCESSOR_DEFINITIONS = (
					"DEBUG=1",
					"$(inherited)",
				);
				GCC_WARN_64_TO_32_BIT_CONVERSION = YES;
				GCC_WARN_ABOUT_RETURN_TYPE = YES_ERROR;
				GCC_WARN_UNDECLARED_SELECTOR = YES;
				GCC_WARN_UNINITIALIZED_AUTOS = YES_AGGRESSIVE;
				GCC_WARN_UNUSED_FUNCTION = YES;
				GCC_WARN_UNUSED_VARIABLE = YES;
				IPHONEOS_DEPLOYMENT_TARGET = 14.0;
				MTL_ENABLE_DEBUG_INFO = INCLUDE_SOURCE;
				MTL_FAST_MATH = YES;
				ONLY_ACTIVE_ARCH = YES;
				SDKROOT = iphoneos;
				SWIFT_ACTIVE_COMPILATION_CONDITIONS = DEBUG;
				SWIFT_OPTIMIZATION_LEVEL = "-Onone";
			};
			name = Debug;
		};
		5F362008256220BB000ADA43 /* Release */ = {
			isa = XCBuildConfiguration;
			buildSettings = {
				ALWAYS_SEARCH_USER_PATHS = NO;
				CLANG_ANALYZER_NONNULL = YES;
				CLANG_ANALYZER_NUMBER_OBJECT_CONVERSION = YES_AGGRESSIVE;
				CLANG_CXX_LANGUAGE_STANDARD = "gnu++14";
				CLANG_CXX_LIBRARY = "libc++";
				CLANG_ENABLE_MODULES = YES;
				CLANG_ENABLE_OBJC_ARC = YES;
				CLANG_ENABLE_OBJC_WEAK = YES;
				CLANG_WARN_BLOCK_CAPTURE_AUTORELEASING = YES;
				CLANG_WARN_BOOL_CONVERSION = YES;
				CLANG_WARN_COMMA = YES;
				CLANG_WARN_CONSTANT_CONVERSION = YES;
				CLANG_WARN_DEPRECATED_OBJC_IMPLEMENTATIONS = YES;
				CLANG_WARN_DIRECT_OBJC_ISA_USAGE = YES_ERROR;
				CLANG_WARN_DOCUMENTATION_COMMENTS = YES;
				CLANG_WARN_EMPTY_BODY = YES;
				CLANG_WARN_ENUM_CONVERSION = YES;
				CLANG_WARN_INFINITE_RECURSION = YES;
				CLANG_WARN_INT_CONVERSION = YES;
				CLANG_WARN_NON_LITERAL_NULL_CONVERSION = YES;
				CLANG_WARN_OBJC_IMPLICIT_RETAIN_SELF = YES;
				CLANG_WARN_OBJC_LITERAL_CONVERSION = YES;
				CLANG_WARN_OBJC_ROOT_CLASS = YES_ERROR;
				CLANG_WARN_QUOTED_INCLUDE_IN_FRAMEWORK_HEADER = YES;
				CLANG_WARN_RANGE_LOOP_ANALYSIS = YES;
				CLANG_WARN_STRICT_PROTOTYPES = YES;
				CLANG_WARN_SUSPICIOUS_MOVE = YES;
				CLANG_WARN_UNGUARDED_AVAILABILITY = YES_AGGRESSIVE;
				CLANG_WARN_UNREACHABLE_CODE = YES;
				CLANG_WARN__DUPLICATE_METHOD_MATCH = YES;
				COPY_PHASE_STRIP = NO;
				DEBUG_INFORMATION_FORMAT = "dwarf-with-dsym";
				ENABLE_NS_ASSERTIONS = NO;
				ENABLE_STRICT_OBJC_MSGSEND = YES;
				GCC_C_LANGUAGE_STANDARD = gnu11;
				GCC_NO_COMMON_BLOCKS = YES;
				GCC_WARN_64_TO_32_BIT_CONVERSION = YES;
				GCC_WARN_ABOUT_RETURN_TYPE = YES_ERROR;
				GCC_WARN_UNDECLARED_SELECTOR = YES;
				GCC_WARN_UNINITIALIZED_AUTOS = YES_AGGRESSIVE;
				GCC_WARN_UNUSED_FUNCTION = YES;
				GCC_WARN_UNUSED_VARIABLE = YES;
				IPHONEOS_DEPLOYMENT_TARGET = 14.0;
				MTL_ENABLE_DEBUG_INFO = NO;
				MTL_FAST_MATH = YES;
				SDKROOT = iphoneos;
				SWIFT_COMPILATION_MODE = wholemodule;
				SWIFT_OPTIMIZATION_LEVEL = "-O";
				VALIDATE_PRODUCT = YES;
			};
			name = Release;
		};
		5F36200A256220BB000ADA43 /* Debug */ = {
			isa = XCBuildConfiguration;
			buildSettings = {
				ASSETCATALOG_COMPILER_APPICON_NAME = AppIcon;
				ASSETCATALOG_COMPILER_GLOBAL_ACCENT_COLOR_NAME = AccentColor;
				CODE_SIGN_STYLE = Automatic;
				DEVELOPMENT_TEAM = T7D2CW4K8R;
				INFOPLIST_FILE = "Cloud~Weather/Info.plist";
				IPHONEOS_DEPLOYMENT_TARGET = 14.0;
				LD_RUNPATH_SEARCH_PATHS = (
					"$(inherited)",
					"@executable_path/Frameworks",
				);
				PRODUCT_BUNDLE_IDENTIFIER = "erinScully.Cloud-Weather";
				PRODUCT_NAME = "$(TARGET_NAME)";
				SWIFT_VERSION = 5.0;
				TARGETED_DEVICE_FAMILY = "1,2";
			};
			name = Debug;
		};
		5F36200B256220BB000ADA43 /* Release */ = {
			isa = XCBuildConfiguration;
			buildSettings = {
				ASSETCATALOG_COMPILER_APPICON_NAME = AppIcon;
				ASSETCATALOG_COMPILER_GLOBAL_ACCENT_COLOR_NAME = AccentColor;
				CODE_SIGN_STYLE = Automatic;
				DEVELOPMENT_TEAM = T7D2CW4K8R;
				INFOPLIST_FILE = "Cloud~Weather/Info.plist";
				IPHONEOS_DEPLOYMENT_TARGET = 14.0;
				LD_RUNPATH_SEARCH_PATHS = (
					"$(inherited)",
					"@executable_path/Frameworks",
				);
				PRODUCT_BUNDLE_IDENTIFIER = "erinScully.Cloud-Weather";
				PRODUCT_NAME = "$(TARGET_NAME)";
				SWIFT_VERSION = 5.0;
				TARGETED_DEVICE_FAMILY = "1,2";
			};
			name = Release;
		};
		5F36200D256220BB000ADA43 /* Debug */ = {
			isa = XCBuildConfiguration;
			buildSettings = {
				ALWAYS_EMBED_SWIFT_STANDARD_LIBRARIES = YES;
				BUNDLE_LOADER = "$(TEST_HOST)";
				CODE_SIGN_STYLE = Automatic;
				DEVELOPMENT_TEAM = T7D2CW4K8R;
				INFOPLIST_FILE = "Cloud~WeatherTests/Info.plist";
				IPHONEOS_DEPLOYMENT_TARGET = 14.0;
				LD_RUNPATH_SEARCH_PATHS = (
					"$(inherited)",
					"@executable_path/Frameworks",
					"@loader_path/Frameworks",
				);
				PRODUCT_BUNDLE_IDENTIFIER = "erinScully.Cloud-WeatherTests";
				PRODUCT_NAME = "$(TARGET_NAME)";
				SWIFT_VERSION = 5.0;
				TARGETED_DEVICE_FAMILY = "1,2";
				TEST_HOST = "$(BUILT_PRODUCTS_DIR)/Cloud~Weather.app/Cloud~Weather";
			};
			name = Debug;
		};
		5F36200E256220BB000ADA43 /* Release */ = {
			isa = XCBuildConfiguration;
			buildSettings = {
				ALWAYS_EMBED_SWIFT_STANDARD_LIBRARIES = YES;
				BUNDLE_LOADER = "$(TEST_HOST)";
				CODE_SIGN_STYLE = Automatic;
				DEVELOPMENT_TEAM = T7D2CW4K8R;
				INFOPLIST_FILE = "Cloud~WeatherTests/Info.plist";
				IPHONEOS_DEPLOYMENT_TARGET = 14.0;
				LD_RUNPATH_SEARCH_PATHS = (
					"$(inherited)",
					"@executable_path/Frameworks",
					"@loader_path/Frameworks",
				);
				PRODUCT_BUNDLE_IDENTIFIER = "erinScully.Cloud-WeatherTests";
				PRODUCT_NAME = "$(TARGET_NAME)";
				SWIFT_VERSION = 5.0;
				TARGETED_DEVICE_FAMILY = "1,2";
				TEST_HOST = "$(BUILT_PRODUCTS_DIR)/Cloud~Weather.app/Cloud~Weather";
			};
			name = Release;
		};
		5F362010256220BB000ADA43 /* Debug */ = {
			isa = XCBuildConfiguration;
			buildSettings = {
				ALWAYS_EMBED_SWIFT_STANDARD_LIBRARIES = YES;
				CODE_SIGN_STYLE = Automatic;
				DEVELOPMENT_TEAM = T7D2CW4K8R;
				INFOPLIST_FILE = "Cloud~WeatherUITests/Info.plist";
				LD_RUNPATH_SEARCH_PATHS = (
					"$(inherited)",
					"@executable_path/Frameworks",
					"@loader_path/Frameworks",
				);
				PRODUCT_BUNDLE_IDENTIFIER = "erinScully.Cloud-WeatherUITests";
				PRODUCT_NAME = "$(TARGET_NAME)";
				SWIFT_VERSION = 5.0;
				TARGETED_DEVICE_FAMILY = "1,2";
				TEST_TARGET_NAME = "Cloud~Weather";
			};
			name = Debug;
		};
		5F362011256220BB000ADA43 /* Release */ = {
			isa = XCBuildConfiguration;
			buildSettings = {
				ALWAYS_EMBED_SWIFT_STANDARD_LIBRARIES = YES;
				CODE_SIGN_STYLE = Automatic;
				DEVELOPMENT_TEAM = T7D2CW4K8R;
				INFOPLIST_FILE = "Cloud~WeatherUITests/Info.plist";
				LD_RUNPATH_SEARCH_PATHS = (
					"$(inherited)",
					"@executable_path/Frameworks",
					"@loader_path/Frameworks",
				);
				PRODUCT_BUNDLE_IDENTIFIER = "erinScully.Cloud-WeatherUITests";
				PRODUCT_NAME = "$(TARGET_NAME)";
				SWIFT_VERSION = 5.0;
				TARGETED_DEVICE_FAMILY = "1,2";
				TEST_TARGET_NAME = "Cloud~Weather";
			};
			name = Release;
		};
/* End XCBuildConfiguration section */

/* Begin XCConfigurationList section */
		5F361FDA256220B9000ADA43 /* Build configuration list for PBXProject "Cloud~Weather" */ = {
			isa = XCConfigurationList;
			buildConfigurations = (
				5F362007256220BB000ADA43 /* Debug */,
				5F362008256220BB000ADA43 /* Release */,
			);
			defaultConfigurationIsVisible = 0;
			defaultConfigurationName = Release;
		};
		5F362009256220BB000ADA43 /* Build configuration list for PBXNativeTarget "Cloud~Weather" */ = {
			isa = XCConfigurationList;
			buildConfigurations = (
				5F36200A256220BB000ADA43 /* Debug */,
				5F36200B256220BB000ADA43 /* Release */,
			);
			defaultConfigurationIsVisible = 0;
			defaultConfigurationName = Release;
		};
		5F36200C256220BB000ADA43 /* Build configuration list for PBXNativeTarget "Cloud~WeatherTests" */ = {
			isa = XCConfigurationList;
			buildConfigurations = (
				5F36200D256220BB000ADA43 /* Debug */,
				5F36200E256220BB000ADA43 /* Release */,
			);
			defaultConfigurationIsVisible = 0;
			defaultConfigurationName = Release;
		};
		5F36200F256220BB000ADA43 /* Build configuration list for PBXNativeTarget "Cloud~WeatherUITests" */ = {
			isa = XCConfigurationList;
			buildConfigurations = (
				5F362010256220BB000ADA43 /* Debug */,
				5F362011256220BB000ADA43 /* Release */,
			);
			defaultConfigurationIsVisible = 0;
			defaultConfigurationName = Release;
		};
/* End XCConfigurationList section */
	};
	rootObject = 5F361FD7256220B9000ADA43 /* Project object */;
}
